
Microsoft Visual Studio Solution File, Format Version 12.00
# Visual Studio Version 17
VisualStudioVersion = 17.8.34330.188
MinimumVisualStudioVersion = 10.0.40219.1
Project("{9A19103F-16F7-4668-BE54-9A1E7A4F7556}") = "HomeChat.Backend", "HomeChat.Backend\HomeChat.Backend.csproj", "{74D75112-6D0A-4ECA-8A8B-15D6640FECF5}"
EndProject
Project("{9A19103F-16F7-4668-BE54-9A1E7A4F7556}") = "HomeChat.IntegrationTests", "HomeChat.IntegrationTests\HomeChat.IntegrationTests.csproj", "{C785BECD-CBEF-4885-A9BF-29D9B95F971C}"
EndProject
Global
	GlobalSection(SolutionConfigurationPlatforms) = preSolution
		Debug|Any CPU = Debug|Any CPU
		Release|Any CPU = Release|Any CPU
	EndGlobalSection
	GlobalSection(ProjectConfigurationPlatforms) = postSolution
		{74D75112-6D0A-4ECA-8A8B-15D6640FECF5}.Debug|Any CPU.ActiveCfg = Debug|Any CPU
		{74D75112-6D0A-4ECA-8A8B-15D6640FECF5}.Debug|Any CPU.Build.0 = Debug|Any CPU
		{74D75112-6D0A-4ECA-8A8B-15D6640FECF5}.Release|Any CPU.ActiveCfg = Release|Any CPU
		{74D75112-6D0A-4ECA-8A8B-15D6640FECF5}.Release|Any CPU.Build.0 = Release|Any CPU
		{C785BECD-CBEF-4885-A9BF-29D9B95F971C}.Debug|Any CPU.ActiveCfg = Debug|Any CPU
		{C785BECD-CBEF-4885-A9BF-29D9B95F971C}.Debug|Any CPU.Build.0 = Debug|Any CPU
		{C785BECD-CBEF-4885-A9BF-29D9B95F971C}.Release|Any CPU.ActiveCfg = Release|Any CPU
		{C785BECD-CBEF-4885-A9BF-29D9B95F971C}.Release|Any CPU.Build.0 = Release|Any CPU
	EndGlobalSection
	GlobalSection(SolutionProperties) = preSolution
		HideSolutionNode = FALSE
	EndGlobalSection
	GlobalSection(ExtensibilityGlobals) = postSolution
		SolutionGuid = {927B8EA0-6A9A-4486-8061-B74E6F8ED2BA}
	EndGlobalSection
EndGlobal
